
Microsoft Visual Studio Solution File, Format Version 12.00
Project("{FAE04EC0-301F-11D3-BF4B-00C04F79EFBC}") = "Log API", "Log API\Log API.csproj", "{49E878AE-3A3D-43DE-B029-641B2A278F08}"
EndProject
Project("{FAE04EC0-301F-11D3-BF4B-00C04F79EFBC}") = "LogAPIUnitTests", "LogAPIUnitTests\LogAPIUnitTests.csproj", "{80D64068-278D-45E6-A5BD-54853522D6ED}"
EndProject
Global
	GlobalSection(SolutionConfigurationPlatforms) = preSolution
		Debug|Any CPU = Debug|Any CPU
		Release|Any CPU = Release|Any CPU
	EndGlobalSection
	GlobalSection(ProjectConfigurationPlatforms) = postSolution
		{49E878AE-3A3D-43DE-B029-641B2A278F08}.Debug|Any CPU.ActiveCfg = Debug|Any CPU
		{49E878AE-3A3D-43DE-B029-641B2A278F08}.Debug|Any CPU.Build.0 = Debug|Any CPU
		{49E878AE-3A3D-43DE-B029-641B2A278F08}.Release|Any CPU.ActiveCfg = Release|Any CPU
		{49E878AE-3A3D-43DE-B029-641B2A278F08}.Release|Any CPU.Build.0 = Release|Any CPU
		{80D64068-278D-45E6-A5BD-54853522D6ED}.Debug|Any CPU.ActiveCfg = Debug|Any CPU
		{80D64068-278D-45E6-A5BD-54853522D6ED}.Debug|Any CPU.Build.0 = Debug|Any CPU
		{80D64068-278D-45E6-A5BD-54853522D6ED}.Release|Any CPU.ActiveCfg = Release|Any CPU
		{80D64068-278D-45E6-A5BD-54853522D6ED}.Release|Any CPU.Build.0 = Release|Any CPU
	EndGlobalSection
EndGlobal
